{
    "name": "esm",
    "lockfileVersion": 3,
    "requires": true,
    "packages": {
        "": {
            "dependencies": {
                "extensions-utility": "file:../.."
            }
        },
        "../..": {
            "name": "extensions-utility",
            "version": "1.0.0",
            "license": "MIT",
            "devDependencies": {
                "@inquirer/prompts": "^7.3.2",
                "@types/jest": "^29.5.14",
                "@types/node": "^22.13.5",
                "jest": "^29.7.0",
                "shx": "^0.3.4",
                "ts-jest": "^29.2.6",
                "ts-node": "^10.9.2",
                "tsx": "^4.19.3",
                "typescript": "^5.7.3"
            }
        },
        "node_modules/extensions-utility": {
            "resolved": "../..",
            "link": true
        }
    }
}
